
Microsoft Visual Studio Solution File, Format Version 12.00
# Visual Studio 15
VisualStudioVersion = 15.0.26430.16
MinimumVisualStudioVersion = 10.0.40219.1
Project("{FAE04EC0-301F-11D3-BF4B-00C04F79EFBC}") = "slef", "slef\slef.csproj", "{B7AE812F-45BC-4E76-9B0C-2ADEE7117723}"
	ProjectSection(ProjectDependencies) = postProject
		{8DFB6D33-FCEF-4530-B700-B49FF9DBF0F6} = {8DFB6D33-FCEF-4530-B700-B49FF9DBF0F6}
		{97468135-CEFA-4723-9D87-05730C63390A} = {97468135-CEFA-4723-9D87-05730C63390A}
	EndProjectSection
EndProject
Project("{2150E333-8FDC-42A3-9474-1A3956D46DE8}") = "test", "test", "{E67D4093-9583-49D2-AC30-E1CD99B052AF}"
EndProject
Project("{FAE04EC0-301F-11D3-BF4B-00C04F79EFBC}") = "SamLu.Win32", "..\..\SamLu-DNE-Framework\src\SamLu.Win32\SamLu.Win32.csproj", "{CD007A31-6B32-4DFF-AA39-FEFBF631428A}"
EndProject
Project("{2150E333-8FDC-42A3-9474-1A3956D46DE8}") = "tlb", "tlb", "{8F60C75C-4F1E-486F-90CD-C199A2C8DF61}"
EndProject
Project("{8BC9CEB8-8B4A-11D0-8D11-00A0C91BC942}") = "slefole", "tlb\slefole\slefole.vcxproj", "{8DFB6D33-FCEF-4530-B700-B49FF9DBF0F6}"
EndProject
Project("{8BC9CEB8-8B4A-11D0-8D11-00A0C91BC942}") = "slefolePS", "tlb\slefole\slefolePS.vcxproj", "{97468135-CEFA-4723-9D87-05730C63390A}"
	ProjectSection(ProjectDependencies) = postProject
		{8DFB6D33-FCEF-4530-B700-B49FF9DBF0F6} = {8DFB6D33-FCEF-4530-B700-B49FF9DBF0F6}
	EndProjectSection
EndProject
Project("{2150E333-8FDC-42A3-9474-1A3956D46DE8}") = "$slefole", "$slefole", "{7B456443-BB76-45C2-9E5B-A04E49AF86C5}"
EndProject
Project("{2150E333-8FDC-42A3-9474-1A3956D46DE8}") = "tool", "tool", "{C2C45FB5-AEC6-42AD-8215-04766B9806A3}"
EndProject
Project("{FAE04EC0-301F-11D3-BF4B-00C04F79EFBC}") = "RedirectComImportType", "tool\RedirectComImportType\RedirectComImportType.csproj", "{255B388B-38CC-477C-8C11-01BA7A34D9E7}"
EndProject
Project("{8BC9CEB8-8B4A-11D0-8D11-00A0C91BC942}") = "Package001", "test\Package001\Package001.vcxproj", "{E470908F-45D8-422A-A2B9-CFCC986881DA}"
	ProjectSection(ProjectDependencies) = postProject
		{B7AE812F-45BC-4E76-9B0C-2ADEE7117723} = {B7AE812F-45BC-4E76-9B0C-2ADEE7117723}
		{8DFB6D33-FCEF-4530-B700-B49FF9DBF0F6} = {8DFB6D33-FCEF-4530-B700-B49FF9DBF0F6}
		{97468135-CEFA-4723-9D87-05730C63390A} = {97468135-CEFA-4723-9D87-05730C63390A}
	EndProjectSection
EndProject
Project("{FAE04EC0-301F-11D3-BF4B-00C04F79EFBC}") = "Launcher1", "test\Launcher1\Launcher1.csproj", "{10C40B64-53C4-4696-94E2-10C4949B3AEB}"
	ProjectSection(ProjectDependencies) = postProject
		{E470908F-45D8-422A-A2B9-CFCC986881DA} = {E470908F-45D8-422A-A2B9-CFCC986881DA}
	EndProjectSection
EndProject
Global
	GlobalSection(SolutionConfigurationPlatforms) = preSolution
		Debug|Any CPU = Debug|Any CPU
		Debug|x64 = Debug|x64
		Debug|x86 = Debug|x86
		Release|Any CPU = Release|Any CPU
		Release|x64 = Release|x64
		Release|x86 = Release|x86
	EndGlobalSection
	GlobalSection(ProjectConfigurationPlatforms) = postSolution
		{B7AE812F-45BC-4E76-9B0C-2ADEE7117723}.Debug|Any CPU.ActiveCfg = Debug|Any CPU
		{B7AE812F-45BC-4E76-9B0C-2ADEE7117723}.Debug|Any CPU.Build.0 = Debug|Any CPU
		{B7AE812F-45BC-4E76-9B0C-2ADEE7117723}.Debug|x64.ActiveCfg = Debug|Any CPU
		{B7AE812F-45BC-4E76-9B0C-2ADEE7117723}.Debug|x64.Build.0 = Debug|Any CPU
		{B7AE812F-45BC-4E76-9B0C-2ADEE7117723}.Debug|x86.ActiveCfg = Debug|Any CPU
		{B7AE812F-45BC-4E76-9B0C-2ADEE7117723}.Debug|x86.Build.0 = Debug|Any CPU
		{B7AE812F-45BC-4E76-9B0C-2ADEE7117723}.Release|Any CPU.ActiveCfg = Release|Any CPU
		{B7AE812F-45BC-4E76-9B0C-2ADEE7117723}.Release|Any CPU.Build.0 = Release|Any CPU
		{B7AE812F-45BC-4E76-9B0C-2ADEE7117723}.Release|x64.ActiveCfg = Release|Any CPU
		{B7AE812F-45BC-4E76-9B0C-2ADEE7117723}.Release|x64.Build.0 = Release|Any CPU
		{B7AE812F-45BC-4E76-9B0C-2ADEE7117723}.Release|x86.ActiveCfg = Release|Any CPU
		{B7AE812F-45BC-4E76-9B0C-2ADEE7117723}.Release|x86.Build.0 = Release|Any CPU
		{CD007A31-6B32-4DFF-AA39-FEFBF631428A}.Debug|Any CPU.ActiveCfg = Debug|Any CPU
		{CD007A31-6B32-4DFF-AA39-FEFBF631428A}.Debug|Any CPU.Build.0 = Debug|Any CPU
		{CD007A31-6B32-4DFF-AA39-FEFBF631428A}.Debug|x64.ActiveCfg = Debug|Any CPU
		{CD007A31-6B32-4DFF-AA39-FEFBF631428A}.Debug|x64.Build.0 = Debug|Any CPU
		{CD007A31-6B32-4DFF-AA39-FEFBF631428A}.Debug|x86.ActiveCfg = Debug|Any CPU
		{CD007A31-6B32-4DFF-AA39-FEFBF631428A}.Debug|x86.Build.0 = Debug|Any CPU
		{CD007A31-6B32-4DFF-AA39-FEFBF631428A}.Release|Any CPU.ActiveCfg = Release|Any CPU
		{CD007A31-6B32-4DFF-AA39-FEFBF631428A}.Release|Any CPU.Build.0 = Release|Any CPU
		{CD007A31-6B32-4DFF-AA39-FEFBF631428A}.Release|x64.ActiveCfg = Release|Any CPU
		{CD007A31-6B32-4DFF-AA39-FEFBF631428A}.Release|x64.Build.0 = Release|Any CPU
		{CD007A31-6B32-4DFF-AA39-FEFBF631428A}.Release|x86.ActiveCfg = Release|Any CPU
		{CD007A31-6B32-4DFF-AA39-FEFBF631428A}.Release|x86.Build.0 = Release|Any CPU
		{8DFB6D33-FCEF-4530-B700-B49FF9DBF0F6}.Debug|Any CPU.ActiveCfg = Debug|Win32
		{8DFB6D33-FCEF-4530-B700-B49FF9DBF0F6}.Debug|Any CPU.Build.0 = Debug|Win32
		{8DFB6D33-FCEF-4530-B700-B49FF9DBF0F6}.Debug|x64.ActiveCfg = Debug|x64
		{8DFB6D33-FCEF-4530-B700-B49FF9DBF0F6}.Debug|x64.Build.0 = Debug|x64
		{8DFB6D33-FCEF-4530-B700-B49FF9DBF0F6}.Debug|x86.ActiveCfg = Debug|Win32
		{8DFB6D33-FCEF-4530-B700-B49FF9DBF0F6}.Debug|x86.Build.0 = Debug|Win32
		{8DFB6D33-FCEF-4530-B700-B49FF9DBF0F6}.Release|Any CPU.ActiveCfg = Release|Win32
		{8DFB6D33-FCEF-4530-B700-B49FF9DBF0F6}.Release|Any CPU.Build.0 = Release|Win32
		{8DFB6D33-FCEF-4530-B700-B49FF9DBF0F6}.Release|x64.ActiveCfg = Release|x64
		{8DFB6D33-FCEF-4530-B700-B49FF9DBF0F6}.Release|x64.Build.0 = Release|x64
		{8DFB6D33-FCEF-4530-B700-B49FF9DBF0F6}.Release|x86.ActiveCfg = Release|Win32
		{8DFB6D33-FCEF-4530-B700-B49FF9DBF0F6}.Release|x86.Build.0 = Release|Win32
		{97468135-CEFA-4723-9D87-05730C63390A}.Debug|Any CPU.ActiveCfg = Debug|Win32
		{97468135-CEFA-4723-9D87-05730C63390A}.Debug|x64.ActiveCfg = Debug|x64
		{97468135-CEFA-4723-9D87-05730C63390A}.Debug|x86.ActiveCfg = Debug|Win32
		{97468135-CEFA-4723-9D87-05730C63390A}.Release|Any CPU.ActiveCfg = Release|Win32
		{97468135-CEFA-4723-9D87-05730C63390A}.Release|x64.ActiveCfg = Release|x64
		{97468135-CEFA-4723-9D87-05730C63390A}.Release|x86.ActiveCfg = Release|Win32
		{255B388B-38CC-477C-8C11-01BA7A34D9E7}.Debug|Any CPU.ActiveCfg = Debug|Any CPU
		{255B388B-38CC-477C-8C11-01BA7A34D9E7}.Debug|Any CPU.Build.0 = Debug|Any CPU
		{255B388B-38CC-477C-8C11-01BA7A34D9E7}.Debug|x64.ActiveCfg = Debug|Any CPU
		{255B388B-38CC-477C-8C11-01BA7A34D9E7}.Debug|x64.Build.0 = Debug|Any CPU
		{255B388B-38CC-477C-8C11-01BA7A34D9E7}.Debug|x86.ActiveCfg = Debug|Any CPU
		{255B388B-38CC-477C-8C11-01BA7A34D9E7}.Debug|x86.Build.0 = Debug|Any CPU
		{255B388B-38CC-477C-8C11-01BA7A34D9E7}.Release|Any CPU.ActiveCfg = Release|Any CPU
		{255B388B-38CC-477C-8C11-01BA7A34D9E7}.Release|Any CPU.Build.0 = Release|Any CPU
		{255B388B-38CC-477C-8C11-01BA7A34D9E7}.Release|x64.ActiveCfg = Release|Any CPU
		{255B388B-38CC-477C-8C11-01BA7A34D9E7}.Release|x64.Build.0 = Release|Any CPU
		{255B388B-38CC-477C-8C11-01BA7A34D9E7}.Release|x86.ActiveCfg = Release|Any CPU
		{255B388B-38CC-477C-8C11-01BA7A34D9E7}.Release|x86.Build.0 = Release|Any CPU
		{E470908F-45D8-422A-A2B9-CFCC986881DA}.Debug|Any CPU.ActiveCfg = Debug|Win32
		{E470908F-45D8-422A-A2B9-CFCC986881DA}.Debug|Any CPU.Build.0 = Debug|Win32
		{E470908F-45D8-422A-A2B9-CFCC986881DA}.Debug|x64.ActiveCfg = Debug|x64
		{E470908F-45D8-422A-A2B9-CFCC986881DA}.Debug|x64.Build.0 = Debug|x64
		{E470908F-45D8-422A-A2B9-CFCC986881DA}.Debug|x86.ActiveCfg = Debug|Win32
		{E470908F-45D8-422A-A2B9-CFCC986881DA}.Debug|x86.Build.0 = Debug|Win32
		{E470908F-45D8-422A-A2B9-CFCC986881DA}.Release|Any CPU.ActiveCfg = Release|Win32
		{E470908F-45D8-422A-A2B9-CFCC986881DA}.Release|Any CPU.Build.0 = Release|Win32
		{E470908F-45D8-422A-A2B9-CFCC986881DA}.Release|x64.ActiveCfg = Release|x64
		{E470908F-45D8-422A-A2B9-CFCC986881DA}.Release|x64.Build.0 = Release|x64
		{E470908F-45D8-422A-A2B9-CFCC986881DA}.Release|x86.ActiveCfg = Release|Win32
		{E470908F-45D8-422A-A2B9-CFCC986881DA}.Release|x86.Build.0 = Release|Win32
		{10C40B64-53C4-4696-94E2-10C4949B3AEB}.Debug|Any CPU.ActiveCfg = Debug|Any CPU
		{10C40B64-53C4-4696-94E2-10C4949B3AEB}.Debug|Any CPU.Build.0 = Debug|Any CPU
		{10C40B64-53C4-4696-94E2-10C4949B3AEB}.Debug|x64.ActiveCfg = Debug|Any CPU
		{10C40B64-53C4-4696-94E2-10C4949B3AEB}.Debug|x64.Build.0 = Debug|Any CPU
		{10C40B64-53C4-4696-94E2-10C4949B3AEB}.Debug|x86.ActiveCfg = Debug|Any CPU
		{10C40B64-53C4-4696-94E2-10C4949B3AEB}.Debug|x86.Build.0 = Debug|Any CPU
		{10C40B64-53C4-4696-94E2-10C4949B3AEB}.Release|Any CPU.ActiveCfg = Release|Any CPU
		{10C40B64-53C4-4696-94E2-10C4949B3AEB}.Release|Any CPU.Build.0 = Release|Any CPU
		{10C40B64-53C4-4696-94E2-10C4949B3AEB}.Release|x64.ActiveCfg = Release|Any CPU
		{10C40B64-53C4-4696-94E2-10C4949B3AEB}.Release|x64.Build.0 = Release|Any CPU
		{10C40B64-53C4-4696-94E2-10C4949B3AEB}.Release|x86.ActiveCfg = Release|Any CPU
		{10C40B64-53C4-4696-94E2-10C4949B3AEB}.Release|x86.Build.0 = Release|Any CPU
	EndGlobalSection
	GlobalSection(SolutionProperties) = preSolution
		HideSolutionNode = FALSE
	EndGlobalSection
	GlobalSection(NestedProjects) = preSolution
		{8DFB6D33-FCEF-4530-B700-B49FF9DBF0F6} = {7B456443-BB76-45C2-9E5B-A04E49AF86C5}
		{97468135-CEFA-4723-9D87-05730C63390A} = {7B456443-BB76-45C2-9E5B-A04E49AF86C5}
		{7B456443-BB76-45C2-9E5B-A04E49AF86C5} = {8F60C75C-4F1E-486F-90CD-C199A2C8DF61}
		{255B388B-38CC-477C-8C11-01BA7A34D9E7} = {C2C45FB5-AEC6-42AD-8215-04766B9806A3}
		{E470908F-45D8-422A-A2B9-CFCC986881DA} = {E67D4093-9583-49D2-AC30-E1CD99B052AF}
		{10C40B64-53C4-4696-94E2-10C4949B3AEB} = {E67D4093-9583-49D2-AC30-E1CD99B052AF}
	EndGlobalSection
EndGlobal
